// !$*UTF8*$!
{
	archiveVersion = 1;
	classes = {
	};
	objectVersion = 50;
	objects = {

/* Begin PBXBuildFile section */
		A049EFB521C01E8800E55765 /* AppDelegate.swift in Sources */ = {isa = PBXBuildFile; fileRef = A049EFB421C01E8800E55765 /* AppDelegate.swift */; };
		A049EFBA21C01E8800E55765 /* Main.storyboard in Resources */ = {isa = PBXBuildFile; fileRef = A049EFB821C01E8800E55765 /* Main.storyboard */; };
		A049EFBC21C01E8A00E55765 /* Assets.xcassets in Resources */ = {isa = PBXBuildFile; fileRef = A049EFBB21C01E8A00E55765 /* Assets.xcassets */; };
		A049EFBF21C01E8A00E55765 /* LaunchScreen.storyboard in Resources */ = {isa = PBXBuildFile; fileRef = A049EFBD21C01E8A00E55765 /* LaunchScreen.storyboard */; };
		A049EFC821C0200400E55765 /* SearchViewController.swift in Sources */ = {isa = PBXBuildFile; fileRef = A049EFC721C0200400E55765 /* SearchViewController.swift */; };
		A049EFCA21C0202100E55765 /* SearchViewModel.swift in Sources */ = {isa = PBXBuildFile; fileRef = A049EFC921C0202100E55765 /* SearchViewModel.swift */; };
		A049EFCC21C0233700E55765 /* Repository.swift in Sources */ = {isa = PBXBuildFile; fileRef = A049EFCB21C0233700E55765 /* Repository.swift */; };
		A0616C1721C0E8F800DABB1F /* APIManager.swift in Sources */ = {isa = PBXBuildFile; fileRef = A0616C1621C0E8F800DABB1F /* APIManager.swift */; };
		CF8FC8B8D45DB91496193FB2 /* Pods_MVVMRX.framework in Frameworks */ = {isa = PBXBuildFile; fileRef = A14C94B746AABF7D61DD64AB /* Pods_MVVMRX.framework */; };
/* End PBXBuildFile section */

/* Begin PBXFileReference section */
		24DCB9553C0555534153354C /* Pods-MVVMRX.release.xcconfig */ = {isa = PBXFileReference; includeInIndex = 1; lastKnownFileType = text.xcconfig; name = "Pods-MVVMRX.release.xcconfig"; path = "Pods/Target Support Files/Pods-MVVMRX/Pods-MVVMRX.release.xcconfig"; sourceTree = "<group>"; };
		A049EFB121C01E8800E55765 /* MVVMRX.app */ = {isa = PBXFileReference; explicitFileType = wrapper.application; includeInIndex = 0; path = MVVMRX.app; sourceTree = BUILT_PRODUCTS_DIR; };
		A049EFB421C01E8800E55765 /* AppDelegate.swift */ = {isa = PBXFileReference; lastKnownFileType = sourcecode.swift; path = AppDelegate.swift; sourceTree = "<group>"; };
		A049EFB921C01E8800E55765 /* Base */ = {isa = PBXFileReference; lastKnownFileType = file.storyboard; name = Base; path = Base.lproj/Main.storyboard; sourceTree = "<group>"; };
		A049EFBB21C01E8A00E55765 /* Assets.xcassets */ = {isa = PBXFileReference; lastKnownFileType = folder.assetcatalog; path = Assets.xcassets; sourceTree = "<group>"; };
		A049EFBE21C01E8A00E55765 /* Base */ = {isa = PBXFileReference; lastKnownFileType = file.storyboard; name = Base; path = Base.lproj/LaunchScreen.storyboard; sourceTree = "<group>"; };
		A049EFC021C01E8A00E55765 /* Info.plist */ = {isa = PBXFileReference; lastKnownFileType = text.plist.xml; path = Info.plist; sourceTree = "<group>"; };
		A049EFC721C0200400E55765 /* SearchViewController.swift */ = {isa = PBXFileReference; lastKnownFileType = sourcecode.swift; path = SearchViewController.swift; sourceTree = "<group>"; };
		A049EFC921C0202100E55765 /* SearchViewModel.swift */ = {isa = PBXFileReference; lastKnownFileType = sourcecode.swift; path = SearchViewModel.swift; sourceTree = "<group>"; };
		A049EFCB21C0233700E55765 /* Repository.swift */ = {isa = PBXFileReference; lastKnownFileType = sourcecode.swift; path = Repository.swift; sourceTree = "<group>"; };
		A0616C1621C0E8F800DABB1F /* APIManager.swift */ = {isa = PBXFileReference; lastKnownFileType = sourcecode.swift; path = APIManager.swift; sourceTree = "<group>"; };
		A14C94B746AABF7D61DD64AB /* Pods_MVVMRX.framework */ = {isa = PBXFileReference; explicitFileType = wrapper.framework; includeInIndex = 0; path = Pods_MVVMRX.framework; sourceTree = BUILT_PRODUCTS_DIR; };
		F66C6808EA8B7865BD7E3ED3 /* Pods-MVVMRX.debug.xcconfig */ = {isa = PBXFileReference; includeInIndex = 1; lastKnownFileType = text.xcconfig; name = "Pods-MVVMRX.debug.xcconfig"; path = "Pods/Target Support Files/Pods-MVVMRX/Pods-MVVMRX.debug.xcconfig"; sourceTree = "<group>"; };
/* End PBXFileReference section */

/* Begin PBXFrameworksBuildPhase section */
		A049EFAE21C01E8800E55765 /* Frameworks */ = {
			isa = PBXFrameworksBuildPhase;
			buildActionMask = 2147483647;
			files = (
				CF8FC8B8D45DB91496193FB2 /* Pods_MVVMRX.framework in Frameworks */,
			);
			runOnlyForDeploymentPostprocessing = 0;
		};
/* End PBXFrameworksBuildPhase section */

/* Begin PBXGroup section */
		16A1DF643D797068D7E0DFCA /* Frameworks */ = {
			isa = PBXGroup;
			children = (
				A14C94B746AABF7D61DD64AB /* Pods_MVVMRX.framework */,
			);
			name = Frameworks;
			sourceTree = "<group>";
		};
		90862712DC4A299ABA0E456A /* Pods */ = {
			isa = PBXGroup;
			children = (
				F66C6808EA8B7865BD7E3ED3 /* Pods-MVVMRX.debug.xcconfig */,
				24DCB9553C0555534153354C /* Pods-MVVMRX.release.xcconfig */,
			);
			name = Pods;
			sourceTree = "<group>";
		};
		A049EFA821C01E8800E55765 = {
			isa = PBXGroup;
			children = (
				A049EFB321C01E8800E55765 /* MVVMRX */,
				A049EFB221C01E8800E55765 /* Products */,
				90862712DC4A299ABA0E456A /* Pods */,
				16A1DF643D797068D7E0DFCA /* Frameworks */,
			);
			sourceTree = "<group>";
		};
		A049EFB221C01E8800E55765 /* Products */ = {
			isa = PBXGroup;
			children = (
				A049EFB121C01E8800E55765 /* MVVMRX.app */,
			);
			name = Products;
			sourceTree = "<group>";
		};
		A049EFB321C01E8800E55765 /* MVVMRX */ = {
			isa = PBXGroup;
			children = (
				A049EFB421C01E8800E55765 /* AppDelegate.swift */,
				A0616C1321C0E8C600DABB1F /* Controllers */,
				A0616C1221C0E7A700DABB1F /* Models */,
				A049EFB821C01E8800E55765 /* Main.storyboard */,
				A049EFBB21C01E8A00E55765 /* Assets.xcassets */,
				A049EFBD21C01E8A00E55765 /* LaunchScreen.storyboard */,
				A049EFC021C01E8A00E55765 /* Info.plist */,
			);
			path = MVVMRX;
			sourceTree = "<group>";
		};
		A049EFC621C01FF100E55765 /* Search */ = {
			isa = PBXGroup;
			children = (
				A049EFC721C0200400E55765 /* SearchViewController.swift */,
				A049EFC921C0202100E55765 /* SearchViewModel.swift */,
			);
			path = Search;
			sourceTree = "<group>";
		};
		A0616C1221C0E7A700DABB1F /* Models */ = {
			isa = PBXGroup;
			children = (
				A0616C1521C0E8EE00DABB1F /* API */,
				A0616C1421C0E8E300DABB1F /* Enteties */,
			);
			path = Models;
			sourceTree = "<group>";
		};
		A0616C1321C0E8C600DABB1F /* Controllers */ = {
			isa = PBXGroup;
			children = (
				A049EFC621C01FF100E55765 /* Search */,
			);
			path = Controllers;
			sourceTree = "<group>";
		};
		A0616C1421C0E8E300DABB1F /* Enteties */ = {
			isa = PBXGroup;
			children = (
				A049EFCB21C0233700E55765 /* Repository.swift */,
			);
			path = Enteties;
			sourceTree = "<group>";
		};
		A0616C1521C0E8EE00DABB1F /* API */ = {
			isa = PBXGroup;
			children = (
				A0616C1621C0E8F800DABB1F /* APIManager.swift */,
			);
			path = API;
			sourceTree = "<group>";
		};
/* End PBXGroup section */

/* Begin PBXNativeTarget section */
		A049EFB021C01E8800E55765 /* MVVMRX */ = {
			isa = PBXNativeTarget;
			buildConfigurationList = A049EFC321C01E8A00E55765 /* Build configuration list for PBXNativeTarget "MVVMRX" */;
			buildPhases = (
				92C5F1FD57F0B8D7690D3B07 /* [CP] Check Pods Manifest.lock */,
				A049EFAD21C01E8800E55765 /* Sources */,
				A049EFAE21C01E8800E55765 /* Frameworks */,
				A049EFAF21C01E8800E55765 /* Resources */,
				F864FB4A81823D6EE70FC268 /* [CP] Embed Pods Frameworks */,
			);
			buildRules = (
			);
			dependencies = (
			);
			name = MVVMRX;
			productName = MVVMRX;
			productReference = A049EFB121C01E8800E55765 /* MVVMRX.app */;
			productType = "com.apple.product-type.application";
		};
/* End PBXNativeTarget section */

/* Begin PBXProject section */
		A049EFA921C01E8800E55765 /* Project object */ = {
			isa = PBXProject;
			attributes = {
				LastSwiftUpdateCheck = 1010;
				LastUpgradeCheck = 1010;
				ORGANIZATIONNAME = Arcsinus;
				TargetAttributes = {
					A049EFB021C01E8800E55765 = {
						CreatedOnToolsVersion = 10.1;
					};
				};
			};
			buildConfigurationList = A049EFAC21C01E8800E55765 /* Build configuration list for PBXProject "MVVMRX" */;
			compatibilityVersion = "Xcode 9.3";
			developmentRegion = en;
			hasScannedForEncodings = 0;
			knownRegions = (
				en,
				Base,
			);
			mainGroup = A049EFA821C01E8800E55765;
			productRefGroup = A049EFB221C01E8800E55765 /* Products */;
			projectDirPath = "";
			projectRoot = "";
			targets = (
				A049EFB021C01E8800E55765 /* MVVMRX */,
			);
		};
/* End PBXProject section */

/* Begin PBXResourcesBuildPhase section */
		A049EFAF21C01E8800E55765 /* Resources */ = {
			isa = PBXResourcesBuildPhase;
			buildActionMask = 2147483647;
			files = (
				A049EFBF21C01E8A00E55765 /* LaunchScreen.storyboard in Resources */,
				A049EFBC21C01E8A00E55765 /* Assets.xcassets in Resources */,
				A049EFBA21C01E8800E55765 /* Main.storyboard in Resources */,
			);
			runOnlyForDeploymentPostprocessing = 0;
		};
/* End PBXResourcesBuildPhase section */

/* Begin PBXShellScriptBuildPhase section */
		92C5F1FD57F0B8D7690D3B07 /* [CP] Check Pods Manifest.lock */ = {
			isa = PBXShellScriptBuildPhase;
			buildActionMask = 2147483647;
			files = (
			);
			inputFileListPaths = (
			);
			inputPaths = (
				"${PODS_PODFILE_DIR_PATH}/Podfile.lock",
				"${PODS_ROOT}/Manifest.lock",
			);
			name = "[CP] Check Pods Manifest.lock";
			outputFileListPaths = (
			);
			outputPaths = (
				"$(DERIVED_FILE_DIR)/Pods-MVVMRX-checkManifestLockResult.txt",
			);
			runOnlyForDeploymentPostprocessing = 0;
			shellPath = /bin/sh;
			shellScript = "diff \"${PODS_PODFILE_DIR_PATH}/Podfile.lock\" \"${PODS_ROOT}/Manifest.lock\" > /dev/null\nif [ $? != 0 ] ; then\n    # print error to STDERR\n    echo \"error: The sandbox is not in sync with the Podfile.lock. Run 'pod install' or update your CocoaPods installation.\" >&2\n    exit 1\nfi\n# This output is used by Xcode 'outputs' to avoid re-running this script phase.\necho \"SUCCESS\" > \"${SCRIPT_OUTPUT_FILE_0}\"\n";
			showEnvVarsInLog = 0;
		};
		F864FB4A81823D6EE70FC268 /* [CP] Embed Pods Frameworks */ = {
			isa = PBXShellScriptBuildPhase;
			buildActionMask = 2147483647;
			files = (
			);
			inputFileListPaths = (
			);
			inputPaths = (
				"${SRCROOT}/Pods/Target Support Files/Pods-MVVMRX/Pods-MVVMRX-frameworks.sh",
				"${BUILT_PRODUCTS_DIR}/RxAtomic/RxAtomic.framework",
				"${BUILT_PRODUCTS_DIR}/RxCocoa/RxCocoa.framework",
				"${BUILT_PRODUCTS_DIR}/RxSwift/RxSwift.framework",
			);
			name = "[CP] Embed Pods Frameworks";
			outputFileListPaths = (
			);
			outputPaths = (
				"${TARGET_BUILD_DIR}/${FRAMEWORKS_FOLDER_PATH}/RxAtomic.framework",
				"${TARGET_BUILD_DIR}/${FRAMEWORKS_FOLDER_PATH}/RxCocoa.framework",
				"${TARGET_BUILD_DIR}/${FRAMEWORKS_FOLDER_PATH}/RxSwift.framework",
			);
			runOnlyForDeploymentPostprocessing = 0;
			shellPath = /bin/sh;
			shellScript = "\"${SRCROOT}/Pods/Target Support Files/Pods-MVVMRX/Pods-MVVMRX-frameworks.sh\"\n";
			showEnvVarsInLog = 0;
		};
/* End PBXShellScriptBuildPhase section */

/* Begin PBXSourcesBuildPhase section */
		A049EFAD21C01E8800E55765 /* Sources */ = {
			isa = PBXSourcesBuildPhase;
			buildActionMask = 2147483647;
			files = (
				A049EFCA21C0202100E55765 /* SearchViewModel.swift in Sources */,
				A049EFC821C0200400E55765 /* SearchViewController.swift in Sources */,
				A0616C1721C0E8F800DABB1F /* APIManager.swift in Sources */,
				A049EFB521C01E8800E55765 /* AppDelegate.swift in Sources */,
				A049EFCC21C0233700E55765 /* Repository.swift in Sources */,
			);
			runOnlyForDeploymentPostprocessing = 0;
		};
/* End PBXSourcesBuildPhase section */

/* Begin PBXVariantGroup section */
		A049EFB821C01E8800E55765 /* Main.storyboard */ = {
			isa = PBXVariantGroup;
			children = (
				A049EFB921C01E8800E55765 /* Base */,
			);
			name = Main.storyboard;
			sourceTree = "<group>";
		};
		A049EFBD21C01E8A00E55765 /* LaunchScreen.storyboard */ = {
			isa = PBXVariantGroup;
			children = (
				A049EFBE21C01E8A00E55765 /* Base */,
			);
			name = LaunchScreen.storyboard;
			sourceTree = "<group>";
		};
/* End PBXVariantGroup section */

/* Begin XCBuildConfiguration section */
		A049EFC121C01E8A00E55765 /* Debug */ = {
			isa = XCBuildConfiguration;
			buildSettings = {
				ALWAYS_SEARCH_USER_PATHS = NO;
				CLANG_ANALYZER_NONNULL = YES;
				CLANG_ANALYZER_NUMBER_OBJECT_CONVERSION = YES_AGGRESSIVE;
				CLANG_CXX_LANGUAGE_STANDARD = "gnu++14";
				CLANG_CXX_LIBRARY = "libc++";
				CLANG_ENABLE_MODULES = YES;
				CLANG_ENABLE_OBJC_ARC = YES;
				CLANG_ENABLE_OBJC_WEAK = YES;
				CLANG_WARN_BLOCK_CAPTURE_AUTORELEASING = YES;
				CLANG_WARN_BOOL_CONVERSION = YES;
				CLANG_WARN_COMMA = YES;
				CLANG_WARN_CONSTANT_CONVERSION = YES;
				CLANG_WARN_DEPRECATED_OBJC_IMPLEMENTATIONS = YES;
				CLANG_WARN_DIRECT_OBJC_ISA_USAGE = YES_ERROR;
				CLANG_WARN_DOCUMENTATION_COMMENTS = YES;
				CLANG_WARN_EMPTY_BODY = YES;
				CLANG_WARN_ENUM_CONVERSION = YES;
				CLANG_WARN_INFINITE_RECURSION = YES;
				CLANG_WARN_INT_CONVERSION = YES;
				CLANG_WARN_NON_LITERAL_NULL_CONVERSION = YES;
				CLANG_WARN_OBJC_IMPLICIT_RETAIN_SELF = YES;
				CLANG_WARN_OBJC_LITERAL_CONVERSION = YES;
				CLANG_WARN_OBJC_ROOT_CLASS = YES_ERROR;
				CLANG_WARN_RANGE_LOOP_ANALYSIS = YES;
				CLANG_WARN_STRICT_PROTOTYPES = YES;
				CLANG_WARN_SUSPICIOUS_MOVE = YES;
				CLANG_WARN_UNGUARDED_AVAILABILITY = YES_AGGRESSIVE;
				CLANG_WARN_UNREACHABLE_CODE = YES;
				CLANG_WARN__DUPLICATE_METHOD_MATCH = YES;
				CODE_SIGN_IDENTITY = "iPhone Developer";
				COPY_PHASE_STRIP = NO;
				DEBUG_INFORMATION_FORMAT = dwarf;
				ENABLE_STRICT_OBJC_MSGSEND = YES;
				ENABLE_TESTABILITY = YES;
				GCC_C_LANGUAGE_STANDARD = gnu11;
				GCC_DYNAMIC_NO_PIC = NO;
				GCC_NO_COMMON_BLOCKS = YES;
				GCC_OPTIMIZATION_LEVEL = 0;
				GCC_PREPROCESSOR_DEFINITIONS = (
					"DEBUG=1",
					"$(inherited)",
				);
				GCC_WARN_64_TO_32_BIT_CONVERSION = YES;
				GCC_WARN_ABOUT_RETURN_TYPE = YES_ERROR;
				GCC_WARN_UNDECLARED_SELECTOR = YES;
				GCC_WARN_UNINITIALIZED_AUTOS = YES_AGGRESSIVE;
				GCC_WARN_UNUSED_FUNCTION = YES;
				GCC_WARN_UNUSED_VARIABLE = YES;
				IPHONEOS_DEPLOYMENT_TARGET = 12.1;
				MTL_ENABLE_DEBUG_INFO = INCLUDE_SOURCE;
				MTL_FAST_MATH = YES;
				ONLY_ACTIVE_ARCH = YES;
				SDKROOT = iphoneos;
				SWIFT_ACTIVE_COMPILATION_CONDITIONS = DEBUG;
				SWIFT_OPTIMIZATION_LEVEL = "-Onone";
			};
			name = Debug;
		};
		A049EFC221C01E8A00E55765 /* Release */ = {
			isa = XCBuildConfiguration;
			buildSettings = {
				ALWAYS_SEARCH_USER_PATHS = NO;
				CLANG_ANALYZER_NONNULL = YES;
				CLANG_ANALYZER_NUMBER_OBJECT_CONVERSION = YES_AGGRESSIVE;
				CLANG_CXX_LANGUAGE_STANDARD = "gnu++14";
				CLANG_CXX_LIBRARY = "libc++";
				CLANG_ENABLE_MODULES = YES;
				CLANG_ENABLE_OBJC_ARC = YES;
				CLANG_ENABLE_OBJC_WEAK = YES;
				CLANG_WARN_BLOCK_CAPTURE_AUTORELEASING = YES;
				CLANG_WARN_BOOL_CONVERSION = YES;
				CLANG_WARN_COMMA = YES;
				CLANG_WARN_CONSTANT_CONVERSION = YES;
				CLANG_WARN_DEPRECATED_OBJC_IMPLEMENTATIONS = YES;
				CLANG_WARN_DIRECT_OBJC_ISA_USAGE = YES_ERROR;
				CLANG_WARN_DOCUMENTATION_COMMENTS = YES;
				CLANG_WARN_EMPTY_BODY = YES;
				CLANG_WARN_ENUM_CONVERSION = YES;
				CLANG_WARN_INFINITE_RECURSION = YES;
				CLANG_WARN_INT_CONVERSION = YES;
				CLANG_WARN_NON_LITERAL_NULL_CONVERSION = YES;
				CLANG_WARN_OBJC_IMPLICIT_RETAIN_SELF = YES;
				CLANG_WARN_OBJC_LITERAL_CONVERSION = YES;
				CLANG_WARN_OBJC_ROOT_CLASS = YES_ERROR;
				CLANG_WARN_RANGE_LOOP_ANALYSIS = YES;
				CLANG_WARN_STRICT_PROTOTYPES = YES;
				CLANG_WARN_SUSPICIOUS_MOVE = YES;
				CLANG_WARN_UNGUARDED_AVAILABILITY = YES_AGGRESSIVE;
				CLANG_WARN_UNREACHABLE_CODE = YES;
				CLANG_WARN__DUPLICATE_METHOD_MATCH = YES;
				CODE_SIGN_IDENTITY = "iPhone Developer";
				COPY_PHASE_STRIP = NO;
				DEBUG_INFORMATION_FORMAT = "dwarf-with-dsym";
				ENABLE_NS_ASSERTIONS = NO;
				ENABLE_STRICT_OBJC_MSGSEND = YES;
				GCC_C_LANGUAGE_STANDARD = gnu11;
				GCC_NO_COMMON_BLOCKS = YES;
				GCC_WARN_64_TO_32_BIT_CONVERSION = YES;
				GCC_WARN_ABOUT_RETURN_TYPE = YES_ERROR;
				GCC_WARN_UNDECLARED_SELECTOR = YES;
				GCC_WARN_UNINITIALIZED_AUTOS = YES_AGGRESSIVE;
				GCC_WARN_UNUSED_FUNCTION = YES;
				GCC_WARN_UNUSED_VARIABLE = YES;
				IPHONEOS_DEPLOYMENT_TARGET = 12.1;
				MTL_ENABLE_DEBUG_INFO = NO;
				MTL_FAST_MATH = YES;
				SDKROOT = iphoneos;
				SWIFT_COMPILATION_MODE = wholemodule;
				SWIFT_OPTIMIZATION_LEVEL = "-O";
				VALIDATE_PRODUCT = YES;
			};
			name = Release;
		};
		A049EFC421C01E8A00E55765 /* Debug */ = {
			isa = XCBuildConfiguration;
			baseConfigurationReference = F66C6808EA8B7865BD7E3ED3 /* Pods-MVVMRX.debug.xcconfig */;
			buildSettings = {
				ASSETCATALOG_COMPILER_APPICON_NAME = AppIcon;
				CODE_SIGN_STYLE = Automatic;
				INFOPLIST_FILE = MVVMRX/Info.plist;
				LD_RUNPATH_SEARCH_PATHS = (
					"$(inherited)",
					"@executable_path/Frameworks",
				);
				PRODUCT_BUNDLE_IDENTIFIER = ru.sportmaster.ios.driven.MVVMRX;
				PRODUCT_NAME = "$(TARGET_NAME)";
				SWIFT_VERSION = 4.2;
				TARGETED_DEVICE_FAMILY = "1,2";
			};
			name = Debug;
		};
		A049EFC521C01E8A00E55765 /* Release */ = {
			isa = XCBuildConfiguration;
			baseConfigurationReference = 24DCB9553C0555534153354C /* Pods-MVVMRX.release.xcconfig */;
			buildSettings = {
				ASSETCATALOG_COMPILER_APPICON_NAME = AppIcon;
				CODE_SIGN_STYLE = Automatic;
				INFOPLIST_FILE = MVVMRX/Info.plist;
				LD_RUNPATH_SEARCH_PATHS = (
					"$(inherited)",
					"@executable_path/Frameworks",
				);
				PRODUCT_BUNDLE_IDENTIFIER = ru.sportmaster.ios.driven.MVVMRX;
				PRODUCT_NAME = "$(TARGET_NAME)";
				SWIFT_VERSION = 4.2;
				TARGETED_DEVICE_FAMILY = "1,2";
			};
			name = Release;
		};
/* End XCBuildConfiguration section */

/* Begin XCConfigurationList section */
		A049EFAC21C01E8800E55765 /* Build configuration list for PBXProject "MVVMRX" */ = {
			isa = XCConfigurationList;
			buildConfigurations = (
				A049EFC121C01E8A00E55765 /* Debug */,
				A049EFC221C01E8A00E55765 /* Release */,
			);
			defaultConfigurationIsVisible = 0;
			defaultConfigurationName = Release;
		};
		A049EFC321C01E8A00E55765 /* Build configuration list for PBXNativeTarget "MVVMRX" */ = {
			isa = XCConfigurationList;
			buildConfigurations = (
				A049EFC421C01E8A00E55765 /* Debug */,
				A049EFC521C01E8A00E55765 /* Release */,
			);
			defaultConfigurationIsVisible = 0;
			defaultConfigurationName = Release;
		};
/* End XCConfigurationList section */
	};
	rootObject = A049EFA921C01E8800E55765 /* Project object */;
}
